
Microsoft Visual Studio Solution File, Format Version 12.00
# Visual Studio 15
VisualStudioVersion = 15.0.26730.12
MinimumVisualStudioVersion = 10.0.40219.1
Project("{9092AA53-FB77-4645-B42D-1CCCA6BD08BD}") = "NodejsWebApp_Les1", "NodejsWebApp_Les1\NodejsWebApp_Les1.njsproj", "{58A88EEC-C0E5-4EE1-98A0-72EAB0ABAC78}"
EndProject
Project("{9092AA53-FB77-4645-B42D-1CCCA6BD08BD}") = "NodejsWebAppServer", "NodejsWebAppServer\NodejsWebAppServer.njsproj", "{93CA539E-646F-4C16-B015-E69A63B984DF}"
EndProject
Global
	GlobalSection(SolutionConfigurationPlatforms) = preSolution
		Debug|Any CPU = Debug|Any CPU
		Release|Any CPU = Release|Any CPU
	EndGlobalSection
	GlobalSection(ProjectConfigurationPlatforms) = postSolution
		{58A88EEC-C0E5-4EE1-98A0-72EAB0ABAC78}.Debug|Any CPU.ActiveCfg = Debug|Any CPU
		{58A88EEC-C0E5-4EE1-98A0-72EAB0ABAC78}.Debug|Any CPU.Build.0 = Debug|Any CPU
		{58A88EEC-C0E5-4EE1-98A0-72EAB0ABAC78}.Release|Any CPU.ActiveCfg = Release|Any CPU
		{58A88EEC-C0E5-4EE1-98A0-72EAB0ABAC78}.Release|Any CPU.Build.0 = Release|Any CPU
		{93CA539E-646F-4C16-B015-E69A63B984DF}.Debug|Any CPU.ActiveCfg = Debug|Any CPU
		{93CA539E-646F-4C16-B015-E69A63B984DF}.Debug|Any CPU.Build.0 = Debug|Any CPU
		{93CA539E-646F-4C16-B015-E69A63B984DF}.Release|Any CPU.ActiveCfg = Release|Any CPU
		{93CA539E-646F-4C16-B015-E69A63B984DF}.Release|Any CPU.Build.0 = Release|Any CPU
	EndGlobalSection
	GlobalSection(SolutionProperties) = preSolution
		HideSolutionNode = FALSE
	EndGlobalSection
	GlobalSection(ExtensibilityGlobals) = postSolution
		SolutionGuid = {E2BE3F0F-3FB2-4A71-A27B-026579A968C0}
	EndGlobalSection
EndGlobal
